
Microsoft Visual Studio Solution File, Format Version 12.00
# Visual Studio Version 16
VisualStudioVersion = 16.0.31424.327
MinimumVisualStudioVersion = 10.0.40219.1
Project("{FAE04EC0-301F-11D3-BF4B-00C04F79EFBC}") = "ConsumingServices", "ConsumingServices\ConsumingServices.csproj", "{1DB6C96C-AFA9-4ED8-AE99-4004004F438C}"
EndProject
Global
	GlobalSection(SolutionConfigurationPlatforms) = preSolution
		Debug|Any CPU = Debug|Any CPU
		Release|Any CPU = Release|Any CPU
	EndGlobalSection
	GlobalSection(ProjectConfigurationPlatforms) = postSolution
		{1DB6C96C-AFA9-4ED8-AE99-4004004F438C}.Debug|Any CPU.ActiveCfg = Debug|Any CPU
		{1DB6C96C-AFA9-4ED8-AE99-4004004F438C}.Debug|Any CPU.Build.0 = Debug|Any CPU
		{1DB6C96C-AFA9-4ED8-AE99-4004004F438C}.Release|Any CPU.ActiveCfg = Release|Any CPU
		{1DB6C96C-AFA9-4ED8-AE99-4004004F438C}.Release|Any CPU.Build.0 = Release|Any CPU
	EndGlobalSection
	GlobalSection(SolutionProperties) = preSolution
		HideSolutionNode = FALSE
	EndGlobalSection
	GlobalSection(ExtensibilityGlobals) = postSolution
		SolutionGuid = {39E34B53-3EC2-4939-B440-4A60A1F9105F}
	EndGlobalSection
EndGlobal
